
Microsoft Visual Studio Solution File, Format Version 12.00
# Visual Studio Version 17
VisualStudioVersion = 17.4.33213.308
MinimumVisualStudioVersion = 10.0.40219.1
Project("{FAE04EC0-301F-11D3-BF4B-00C04F79EFBC}") = "EditorialBlazor.Server", "EditorialBlazor\Server\EditorialBlazor.Server.csproj", "{5A10F31F-A489-495C-912A-911FA0C62402}"
EndProject
Project("{FAE04EC0-301F-11D3-BF4B-00C04F79EFBC}") = "EditorialBlazor.Client", "EditorialBlazor\Client\EditorialBlazor.Client.csproj", "{F07AA389-2187-4028-BDCA-6B757048DC64}"
EndProject
Project("{FAE04EC0-301F-11D3-BF4B-00C04F79EFBC}") = "EditorialBlazor.Shared", "EditorialBlazor\Shared\EditorialBlazor.Shared.csproj", "{C5EC73F0-5217-4667-AC86-7C77398409B5}"
EndProject
Global
	GlobalSection(SolutionConfigurationPlatforms) = preSolution
		Debug|Any CPU = Debug|Any CPU
		Release|Any CPU = Release|Any CPU
	EndGlobalSection
	GlobalSection(ProjectConfigurationPlatforms) = postSolution
		{5A10F31F-A489-495C-912A-911FA0C62402}.Debug|Any CPU.ActiveCfg = Debug|Any CPU
		{5A10F31F-A489-495C-912A-911FA0C62402}.Debug|Any CPU.Build.0 = Debug|Any CPU
		{5A10F31F-A489-495C-912A-911FA0C62402}.Release|Any CPU.ActiveCfg = Release|Any CPU
		{5A10F31F-A489-495C-912A-911FA0C62402}.Release|Any CPU.Build.0 = Release|Any CPU
		{F07AA389-2187-4028-BDCA-6B757048DC64}.Debug|Any CPU.ActiveCfg = Debug|Any CPU
		{F07AA389-2187-4028-BDCA-6B757048DC64}.Debug|Any CPU.Build.0 = Debug|Any CPU
		{F07AA389-2187-4028-BDCA-6B757048DC64}.Release|Any CPU.ActiveCfg = Release|Any CPU
		{F07AA389-2187-4028-BDCA-6B757048DC64}.Release|Any CPU.Build.0 = Release|Any CPU
		{C5EC73F0-5217-4667-AC86-7C77398409B5}.Debug|Any CPU.ActiveCfg = Debug|Any CPU
		{C5EC73F0-5217-4667-AC86-7C77398409B5}.Debug|Any CPU.Build.0 = Debug|Any CPU
		{C5EC73F0-5217-4667-AC86-7C77398409B5}.Release|Any CPU.ActiveCfg = Release|Any CPU
		{C5EC73F0-5217-4667-AC86-7C77398409B5}.Release|Any CPU.Build.0 = Release|Any CPU
	EndGlobalSection
	GlobalSection(SolutionProperties) = preSolution
		HideSolutionNode = FALSE
	EndGlobalSection
	GlobalSection(ExtensibilityGlobals) = postSolution
		SolutionGuid = {DCF84358-D10A-4878-A778-AA4E1EA4BD3F}
	EndGlobalSection
EndGlobal
